
Microsoft Visual Studio Solution File, Format Version 12.00
# Visual Studio 15
VisualStudioVersion = 15.0.28307.1231
MinimumVisualStudioVersion = 10.0.40219.1
Project("{FAE04EC0-301F-11D3-BF4B-00C04F79EFBC}") = "WebConsultaSGTD", "WebConsultaSGTD\WebConsultaSGTD.csproj", "{149897DF-937B-4352-A7D9-811E50FF7A05}"
EndProject
Project("{FAE04EC0-301F-11D3-BF4B-00C04F79EFBC}") = "MyApp.DB", "MyApp.DB\MyApp.DB.csproj", "{726224AF-DF28-42BE-9DA7-2B8D7209216A}"
EndProject
Project("{FAE04EC0-301F-11D3-BF4B-00C04F79EFBC}") = "MyApp.Models", "MyApp.Models\MyApp.Models.csproj", "{D81391F8-ABE9-4D0E-8B7F-D9C9BF879FA6}"
EndProject
Global
	GlobalSection(SolutionConfigurationPlatforms) = preSolution
		Debug|Any CPU = Debug|Any CPU
		Release|Any CPU = Release|Any CPU
	EndGlobalSection
	GlobalSection(ProjectConfigurationPlatforms) = postSolution
		{149897DF-937B-4352-A7D9-811E50FF7A05}.Debug|Any CPU.ActiveCfg = Debug|Any CPU
		{149897DF-937B-4352-A7D9-811E50FF7A05}.Debug|Any CPU.Build.0 = Debug|Any CPU
		{149897DF-937B-4352-A7D9-811E50FF7A05}.Release|Any CPU.ActiveCfg = Release|Any CPU
		{149897DF-937B-4352-A7D9-811E50FF7A05}.Release|Any CPU.Build.0 = Release|Any CPU
		{726224AF-DF28-42BE-9DA7-2B8D7209216A}.Debug|Any CPU.ActiveCfg = Debug|Any CPU
		{726224AF-DF28-42BE-9DA7-2B8D7209216A}.Debug|Any CPU.Build.0 = Debug|Any CPU
		{726224AF-DF28-42BE-9DA7-2B8D7209216A}.Release|Any CPU.ActiveCfg = Release|Any CPU
		{726224AF-DF28-42BE-9DA7-2B8D7209216A}.Release|Any CPU.Build.0 = Release|Any CPU
		{D81391F8-ABE9-4D0E-8B7F-D9C9BF879FA6}.Debug|Any CPU.ActiveCfg = Debug|Any CPU
		{D81391F8-ABE9-4D0E-8B7F-D9C9BF879FA6}.Debug|Any CPU.Build.0 = Debug|Any CPU
		{D81391F8-ABE9-4D0E-8B7F-D9C9BF879FA6}.Release|Any CPU.ActiveCfg = Release|Any CPU
		{D81391F8-ABE9-4D0E-8B7F-D9C9BF879FA6}.Release|Any CPU.Build.0 = Release|Any CPU
	EndGlobalSection
	GlobalSection(SolutionProperties) = preSolution
		HideSolutionNode = FALSE
	EndGlobalSection
	GlobalSection(ExtensibilityGlobals) = postSolution
		SolutionGuid = {4960F562-5F1D-469A-88C4-61F6E308F635}
	EndGlobalSection
EndGlobal
